{
  "object": {
    "pins": [
      {
        "package": "SchellySwiftUI",
        "repositoryURL": "https://github.com/cschelly/SchellySwiftUI",
        "state": {
          "branch": null,
          "revision": "91c3966a23fb13a55f7d0c3a1d658721d6ba8bd1",
          "version": "1.0.1"
        }
      },
      {
        "package": "IterableSDK",
        "repositoryURL": "https://github.com/iterable/swift-sdk",
        "state": {
          "branch": null,
          "revision": "20b3ca07582ec3f1c892eb2e37cf61bae56c337d",
          "version": "6.3.1"
        }
      }
    ]
  },
  "version": 1
}
