{
  "object": {
    "pins": [
      {
        "package": "SchellySwiftUI",
        "repositoryURL": "https://github.com/cschelly/SchellySwiftUI",
        "state": {
          "branch": null,
          "revision": "7766411395a8b9c4eb54876101060e38aa926421",
          "version": "1.0.0"
        }
      },
      {
        "package": "IterableSDK",
        "repositoryURL": "https://github.com/iterable/swift-sdk",
        "state": {
          "branch": null,
          "revision": "ee0eb49d5fe57d747025de8d49c88e743ffc2390",
          "version": "6.2.22"
        }
      }
    ]
  },
  "version": 1
}
